{
    "version": 3,
    "terraform_version": "0.11.8",
    "serial": 2,
    "lineage": "932ee02a-a95c-e564-d51c-9de2c7dbc373",
    "modules": [
        {
            "path": [
                "root"
            ],
            "outputs": {
                "IP Address": {
                    "sensitive": false,
                    "type": "string",
                    "value": "172.17.0.2"
                },
                "container_name": {
                    "sensitive": false,
                    "type": "string",
                    "value": "dev_blog"
                }
            },
            "resources": {
                "null_resource.null_id": {
                    "type": "null_resource",
                    "depends_on": [
                        "module.container"
                    ],
                    "primary": {
                        "id": "959938398758371770",
                        "attributes": {
                            "id": "959938398758371770"
                        },
                        "meta": {},
                        "tainted": false
                    },
                    "deposed": [],
                    "provider": "provider.null"
                }
            },
            "depends_on": []
        },
        {
            "path": [
                "root",
                "container"
            ],
            "outputs": {
                "container_name": {
                    "sensitive": false,
                    "type": "string",
                    "value": "dev_blog"
                },
                "ip": {
                    "sensitive": false,
                    "type": "string",
                    "value": "172.17.0.2"
                }
            },
            "resources": {
                "docker_container.container_id": {
                    "type": "docker_container",
                    "depends_on": [],
                    "primary": {
                        "id": "5aa5aa24721c0f3c56a1ba95dcfdc3d2082c2833beec1f9cd6f0e10dea0c3f5c",
                        "attributes": {
                            "bridge": "",
                            "gateway": "172.17.0.1",
                            "id": "5aa5aa24721c0f3c56a1ba95dcfdc3d2082c2833beec1f9cd6f0e10dea0c3f5c",
                            "image": "sha256:5d6888e5f40a07b21cf9e4244fb0343609a73b78dee97103481c188cb3c04ba6",
                            "ip_address": "172.17.0.2",
                            "ip_prefix_length": "16",
                            "log_driver": "json-file",
                            "must_run": "true",
                            "name": "dev_blog",
                            "ports.#": "1",
                            "ports.0.external": "8080",
                            "ports.0.internal": "2368",
                            "ports.0.ip": "0.0.0.0",
                            "ports.0.protocol": "tcp",
                            "restart": "no"
                        },
                        "meta": {},
                        "tainted": false
                    },
                    "deposed": [],
                    "provider": "provider.docker"
                }
            },
            "depends_on": []
        },
        {
            "path": [
                "root",
                "image"
            ],
            "outputs": {
                "image_out": {
                    "sensitive": false,
                    "type": "string",
                    "value": "sha256:5d6888e5f40a07b21cf9e4244fb0343609a73b78dee97103481c188cb3c04ba6"
                }
            },
            "resources": {
                "docker_image.image_id": {
                    "type": "docker_image",
                    "depends_on": [],
                    "primary": {
                        "id": "sha256:5d6888e5f40a07b21cf9e4244fb0343609a73b78dee97103481c188cb3c04ba6ghost:latest",
                        "attributes": {
                            "id": "sha256:5d6888e5f40a07b21cf9e4244fb0343609a73b78dee97103481c188cb3c04ba6ghost:latest",
                            "latest": "sha256:5d6888e5f40a07b21cf9e4244fb0343609a73b78dee97103481c188cb3c04ba6",
                            "name": "ghost:latest"
                        },
                        "meta": {},
                        "tainted": false
                    },
                    "deposed": [],
                    "provider": "provider.docker"
                }
            },
            "depends_on": []
        }
    ]
}
